research_bot: starting
research_bot: scraping
research_bot: starting — requirement: ap agent flow
research_bot: searching competitors
research_bot: analysing
research_bot: saving
research_bot: done
research_bot: starting — requirement: ap agent flow
research_bot: searching competitors
research_bot: analysing
research_bot: saving
research_bot: done
research_bot: starting — requirement: I am a distructor of cocacola how can you help you?
research_bot: searching competitors
research_bot: analysing
research_bot: saving
research_bot: done
research_bot: starting — requirement: ar agent
research_bot: searching competitors
research_bot: analysing
research_bot: saving
research_bot: done
research_bot: starting — requirement: ap agent flow
research_bot: searching competitors
research_bot: analysing
research_bot: saving
research_bot: done
research_bot: starting — requirement: ap agent
research_bot: searching competitors
research_bot: analysing
research_bot: saving
research_bot: done
research_bot: starting — requirement: Account Receivable agent
research_bot: searching competitors
research_bot: indexing findings into FAISS RAG store
research_bot: querying FAISS RAG store for past context
research_bot: analysing
research_bot: saving
research_bot: done
research_bot: starting — requirement: Accounts payble
research_bot: searching competitors
research_bot: indexing findings into FAISS RAG store
research_bot: querying FAISS RAG store for past context
research_bot: analysing
research_bot: saving
research_bot: done
research_bot: starting — requirement: accounts payable agent
research_bot: searching competitors
research_bot: indexing findings into FAISS RAG store
research_bot: querying FAISS RAG store for past context
research_bot: analysing
research_bot: saving
research_bot: done
research_bot: starting — requirement: accounts receivable agent
research_bot: searching competitors
research_bot: indexing findings into FAISS RAG store
research_bot: querying FAISS RAG store for past context
research_bot: analysing
research_bot: saving
research_bot: done
research_bot: starting — requirement: accounts payable agent
research_bot: searching competitors
research_bot: indexing findings into FAISS RAG store
research_bot: querying FAISS RAG store for past context
research_bot: analysing
research_bot: saving
research_bot: starting — requirement: sourcing agent
research_bot: searching competitors
research_bot: indexing findings into FAISS RAG store
research_bot: querying FAISS RAG store for past context
research_bot: analysing
research_bot: saving
research_bot: done
research_bot: starting — requirement: asset maintenance agent
research_bot: searching competitors
research_bot: indexing findings into FAISS RAG store
research_bot: querying FAISS RAG store for past context
research_bot: analysing
research_bot: saving
research_bot: done
research_bot: starting — requirement: DPO agent
research_bot: indexing findings into FAISS RAG store
research_bot: querying FAISS RAG store for past context
research_bot: analysing
research_bot: saving
research_bot: done
research_bot: starting — requirement: collections agent
research_bot: indexing findings into FAISS RAG store
research_bot: querying FAISS RAG store for past context
research_bot: analysing
research_bot: saving
research_bot: done
